{
  "name": "cadjs",
  "version": "0.3.7",
  "lockfileVersion": 3,
  "requires": true,
  "packages": {
    "": {
      "name": "cadjs",
      "version": "0.3.7",
      "dependencies": {
        "gifenc": "^1.0.3",
        "three": "0.160.0"
      }
    },
    "node_modules/gifenc": {
      "version": "1.0.3",
      "resolved": "https://registry.npmjs.org/gifenc/-/gifenc-1.0.3.tgz",
      "integrity": "sha512-xdr6AdrfGBcfzncONUOlXMBuc5wJDtOueE3c5rdG0oNgtINLD+f2iFZltrBRZYzACRbKr+mSVU/x98zv2u3jmw==",
      "license": "MIT"
    },
    "node_modules/three": {
      "version": "0.160.0",
      "resolved": "https://registry.npmjs.org/three/-/three-0.160.0.tgz",
      "integrity": "sha512-DLU8lc0zNIPkM7rH5/e1Ks1Z8tWCGRq6g8mPowdDJpw1CFBJMU7UoJjC6PefXW7z//SSl0b2+GCw14LB+uDhng==",
      "license": "MIT"
    }
  }
}
